// !$*UTF8*$!
{
	archiveVersion = 1;
	classes = {
	};
	objectVersion = 46;
	objects = {

/* Begin PBXFileReference section */
		194D43E385DFC2576A3F66A7 /* AppController.m */ = {isa = PBXFileReference; lastKnownFileType = sourcecode.c.objc; name = AppController.m; path = .XcodeSupport/AppController.m; sourceTree = SOURCE_ROOT; };
		20944A9AA6ABF328473B48CA /* TouchScrollView.h */ = {isa = PBXFileReference; lastKnownFileType = sourcecode.c.h; name = TouchScrollView.h; path = .XcodeSupport/TouchScrollView.h; sourceTree = SOURCE_ROOT; };
		7B2F44E3AFCC63CC487EFA29 /* TouchScrollView.j */ = {isa = PBXFileReference; lastKnownFileType = sourcecode.c.objc; name = TouchScrollView.j; path = TouchScrollView.j; sourceTree = SOURCE_ROOT; };
		854B41ED976A5D2437C631D6 /* xcc_general_include.h */ = {isa = PBXFileReference; lastKnownFileType = sourcecode.c.h; name = xcc_general_include.h; path = .XcodeSupport/xcc_general_include.h; sourceTree = SOURCE_ROOT; };
		935C4E929DDE52D234619A00 /* TouchScrollView.m */ = {isa = PBXFileReference; lastKnownFileType = sourcecode.c.objc; name = TouchScrollView.m; path = .XcodeSupport/TouchScrollView.m; sourceTree = SOURCE_ROOT; };
		C68C4544869C5A94719AE644 /* AppController.h */ = {isa = PBXFileReference; lastKnownFileType = sourcecode.c.h; name = AppController.h; path = .XcodeSupport/AppController.h; sourceTree = SOURCE_ROOT; };
		C7A44F8DAC8E8284A98721CE /* AppController.j */ = {isa = PBXFileReference; lastKnownFileType = sourcecode.c.objc; name = AppController.j; path = AppController.j; sourceTree = SOURCE_ROOT; };
		E164FE29172185F500263CE3 /* Resources */ = {isa = PBXFileReference; lastKnownFileType = folder; path = Resources; sourceTree = "<group>"; };
/* End PBXFileReference section */

/* Begin PBXGroup section */
		08644D8BB4A0156D978D2880 /* Cappuccino Source */ = {
			isa = PBXGroup;
			children = (
				C7A44F8DAC8E8284A98721CE /* AppController.j */,
				7B2F44E3AFCC63CC487EFA29 /* TouchScrollView.j */,
			);
			name = "Cappuccino Source";
			sourceTree = "<group>";
		};
		533B439A8B038DFC2A6648B6 /* Cocoa Classes */ = {
			isa = PBXGroup;
			children = (
				C68C4544869C5A94719AE644 /* AppController.h */,
				194D43E385DFC2576A3F66A7 /* AppController.m */,
				20944A9AA6ABF328473B48CA /* TouchScrollView.h */,
				935C4E929DDE52D234619A00 /* TouchScrollView.m */,
				854B41ED976A5D2437C631D6 /* xcc_general_include.h */,
			);
			name = "Cocoa Classes";
			sourceTree = "<group>";
		};
		E164FE221721857400263CE3 /*  */ = {
			isa = PBXGroup;
			children = (
				E164FE29172185F500263CE3 /* Resources */,
				533B439A8B038DFC2A6648B6 /* Cocoa Classes */,
				08644D8BB4A0156D978D2880 /* Cappuccino Source */,
			);
			sourceTree = "<group>";
		};
/* End PBXGroup section */

/* Begin PBXProject section */
		E164FE231721857400263CE3 /* Project Object */ = {
			isa = PBXProject;
			attributes = {
				LastUpgradeCheck = 0460;
			};
			buildConfigurationList = E164FE261721857400263CE3 /* Build configuration list for PBXProject "Unity-iPhone" */;
			compatibilityVersion = "Xcode 3.2";
			developmentRegion = English;
			hasScannedForEncodings = 0;
			knownRegions = (
				en,
			);
			mainGroup = E164FE221721857400263CE3 /*  */;
			projectDirPath = "";
			projectRoot = "";
			targets = (
			);
		};
/* End PBXProject section */

/* Begin XCBuildConfiguration section */
		E164FE271721857400263CE3 /* Debug */ = {
			isa = XCBuildConfiguration;
			buildSettings = {
			};
			name = Debug;
		};
		E164FE281721857400263CE3 /* Release */ = {
			isa = XCBuildConfiguration;
			buildSettings = {
			};
			name = Release;
		};
/* End XCBuildConfiguration section */

/* Begin XCConfigurationList section */
		E164FE261721857400263CE3 /* Build configuration list for PBXProject "Unity-iPhone" */ = {
			isa = XCConfigurationList;
			buildConfigurations = (
				E164FE271721857400263CE3 /* Debug */,
				E164FE281721857400263CE3 /* Release */,
			);
			defaultConfigurationIsVisible = 0;
			defaultConfigurationName = Release;
		};
/* End XCConfigurationList section */
	};
	rootObject = E164FE231721857400263CE3 /* Project Object */;
}